
Microsoft Visual Studio Solution File, Format Version 12.00
# Visual Studio Version 16
VisualStudioVersion = 16.0.32413.511
MinimumVisualStudioVersion = 10.0.40219.1
Project("{9A19103F-16F7-4668-BE54-9A1E7A4F7556}") = "TaxData", "WinFormsApp1\TaxData.csproj", "{C05D4E11-4DCF-4C2A-A663-F26809A18F6B}"
EndProject
Global
	GlobalSection(SolutionConfigurationPlatforms) = preSolution
		Debug|Any CPU = Debug|Any CPU
		Debug|x86 = Debug|x86
		Release|Any CPU = Release|Any CPU
		Release|x86 = Release|x86
	EndGlobalSection
	GlobalSection(ProjectConfigurationPlatforms) = postSolution
		{C05D4E11-4DCF-4C2A-A663-F26809A18F6B}.Debug|Any CPU.ActiveCfg = Debug|Any CPU
		{C05D4E11-4DCF-4C2A-A663-F26809A18F6B}.Debug|Any CPU.Build.0 = Debug|Any CPU
		{C05D4E11-4DCF-4C2A-A663-F26809A18F6B}.Debug|x86.ActiveCfg = Debug|x86
		{C05D4E11-4DCF-4C2A-A663-F26809A18F6B}.Debug|x86.Build.0 = Debug|x86
		{C05D4E11-4DCF-4C2A-A663-F26809A18F6B}.Release|Any CPU.ActiveCfg = Release|x86
		{C05D4E11-4DCF-4C2A-A663-F26809A18F6B}.Release|Any CPU.Build.0 = Release|x86
		{C05D4E11-4DCF-4C2A-A663-F26809A18F6B}.Release|x86.ActiveCfg = Release|x86
		{C05D4E11-4DCF-4C2A-A663-F26809A18F6B}.Release|x86.Build.0 = Release|x86
	EndGlobalSection
	GlobalSection(SolutionProperties) = preSolution
		HideSolutionNode = FALSE
	EndGlobalSection
	GlobalSection(ExtensibilityGlobals) = postSolution
		SolutionGuid = {1B997E65-7323-4B95-BE9A-93BCEC1E712C}
	EndGlobalSection
EndGlobal
